
Microsoft Visual Studio Solution File, Format Version 12.00
# Visual Studio 15
VisualStudioVersion = 15.0.27703.2047
MinimumVisualStudioVersion = 10.0.40219.1
Project("{8BC9CEB8-8B4A-11D0-8D11-00A0C91BC942}") = "Figura", "Figura\Figura.vcxproj", "{F73C2CB5-7BE4-450E-A8E9-CCE94A93940C}"
EndProject
Project("{8BC9CEB8-8B4A-11D0-8D11-00A0C91BC942}") = "Tipo", "Tipo\Tipo.vcxproj", "{61D237B6-0C6C-4235-AC09-5E1058F74C82}"
EndProject
Project("{8BC9CEB8-8B4A-11D0-8D11-00A0C91BC942}") = "AreaDeFiguras", "AreaDeFiguras\AreaDeFiguras.vcxproj", "{335B04DD-FA99-4F44-8CF7-901F67AB5E47}"
EndProject
Project("{8BC9CEB8-8B4A-11D0-8D11-00A0C91BC942}") = "Calculadora", "Calculadora\Calculadora.vcxproj", "{9CADA208-DFBB-49F4-AFC8-C05E6FA7EED0}"
EndProject
Project("{8BC9CEB8-8B4A-11D0-8D11-00A0C91BC942}") = "Colección", "Colección\Colección.vcxproj", "{691BDE2F-59A6-43E0-B80B-1846DC2C6000}"
EndProject
Project("{8BC9CEB8-8B4A-11D0-8D11-00A0C91BC942}") = "Utilidad", "Utilidad\Utilidad.vcxproj", "{3B755A1E-3ED1-4B48-8E9E-912A9C17E795}"
EndProject
Project("{8BC9CEB8-8B4A-11D0-8D11-00A0C91BC942}") = "Generador de Examenes", "Generador de Examenes\Generador de Examenes.vcxproj", "{DCEC82B2-C394-4A19-8626-2FADAD35D622}"
EndProject
Project("{8BC9CEB8-8B4A-11D0-8D11-00A0C91BC942}") = "Canvas", "Canvas\Canvas.vcxproj", "{72043443-2B96-4B85-8C7C-E0ABF1E522CB}"
EndProject
Global
	GlobalSection(SolutionConfigurationPlatforms) = preSolution
		Debug|Win32 = Debug|Win32
		Debug|x64 = Debug|x64
		Release|Win32 = Release|Win32
		Release|x64 = Release|x64
	EndGlobalSection
	GlobalSection(ProjectConfigurationPlatforms) = postSolution
		{F73C2CB5-7BE4-450E-A8E9-CCE94A93940C}.Debug|Win32.ActiveCfg = Debug|Win32
		{F73C2CB5-7BE4-450E-A8E9-CCE94A93940C}.Debug|Win32.Build.0 = Debug|Win32
		{F73C2CB5-7BE4-450E-A8E9-CCE94A93940C}.Debug|x64.ActiveCfg = Debug|Win32
		{F73C2CB5-7BE4-450E-A8E9-CCE94A93940C}.Release|Win32.ActiveCfg = Release|Win32
		{F73C2CB5-7BE4-450E-A8E9-CCE94A93940C}.Release|Win32.Build.0 = Release|Win32
		{F73C2CB5-7BE4-450E-A8E9-CCE94A93940C}.Release|x64.ActiveCfg = Release|Win32
		{61D237B6-0C6C-4235-AC09-5E1058F74C82}.Debug|Win32.ActiveCfg = Debug|Win32
		{61D237B6-0C6C-4235-AC09-5E1058F74C82}.Debug|Win32.Build.0 = Debug|Win32
		{61D237B6-0C6C-4235-AC09-5E1058F74C82}.Debug|x64.ActiveCfg = Debug|x64
		{61D237B6-0C6C-4235-AC09-5E1058F74C82}.Debug|x64.Build.0 = Debug|x64
		{61D237B6-0C6C-4235-AC09-5E1058F74C82}.Release|Win32.ActiveCfg = Release|Win32
		{61D237B6-0C6C-4235-AC09-5E1058F74C82}.Release|Win32.Build.0 = Release|Win32
		{61D237B6-0C6C-4235-AC09-5E1058F74C82}.Release|x64.ActiveCfg = Release|x64
		{61D237B6-0C6C-4235-AC09-5E1058F74C82}.Release|x64.Build.0 = Release|x64
		{335B04DD-FA99-4F44-8CF7-901F67AB5E47}.Debug|Win32.ActiveCfg = Debug|Win32
		{335B04DD-FA99-4F44-8CF7-901F67AB5E47}.Debug|Win32.Build.0 = Debug|Win32
		{335B04DD-FA99-4F44-8CF7-901F67AB5E47}.Debug|x64.ActiveCfg = Debug|x64
		{335B04DD-FA99-4F44-8CF7-901F67AB5E47}.Debug|x64.Build.0 = Debug|x64
		{335B04DD-FA99-4F44-8CF7-901F67AB5E47}.Release|Win32.ActiveCfg = Release|Win32
		{335B04DD-FA99-4F44-8CF7-901F67AB5E47}.Release|Win32.Build.0 = Release|Win32
		{335B04DD-FA99-4F44-8CF7-901F67AB5E47}.Release|x64.ActiveCfg = Release|x64
		{335B04DD-FA99-4F44-8CF7-901F67AB5E47}.Release|x64.Build.0 = Release|x64
		{9CADA208-DFBB-49F4-AFC8-C05E6FA7EED0}.Debug|Win32.ActiveCfg = Debug|Win32
		{9CADA208-DFBB-49F4-AFC8-C05E6FA7EED0}.Debug|Win32.Build.0 = Debug|Win32
		{9CADA208-DFBB-49F4-AFC8-C05E6FA7EED0}.Debug|x64.ActiveCfg = Debug|x64
		{9CADA208-DFBB-49F4-AFC8-C05E6FA7EED0}.Debug|x64.Build.0 = Debug|x64
		{9CADA208-DFBB-49F4-AFC8-C05E6FA7EED0}.Release|Win32.ActiveCfg = Release|Win32
		{9CADA208-DFBB-49F4-AFC8-C05E6FA7EED0}.Release|Win32.Build.0 = Release|Win32
		{9CADA208-DFBB-49F4-AFC8-C05E6FA7EED0}.Release|x64.ActiveCfg = Release|x64
		{9CADA208-DFBB-49F4-AFC8-C05E6FA7EED0}.Release|x64.Build.0 = Release|x64
		{691BDE2F-59A6-43E0-B80B-1846DC2C6000}.Debug|Win32.ActiveCfg = Debug|Win32
		{691BDE2F-59A6-43E0-B80B-1846DC2C6000}.Debug|Win32.Build.0 = Debug|Win32
		{691BDE2F-59A6-43E0-B80B-1846DC2C6000}.Debug|x64.ActiveCfg = Debug|x64
		{691BDE2F-59A6-43E0-B80B-1846DC2C6000}.Debug|x64.Build.0 = Debug|x64
		{691BDE2F-59A6-43E0-B80B-1846DC2C6000}.Release|Win32.ActiveCfg = Release|Win32
		{691BDE2F-59A6-43E0-B80B-1846DC2C6000}.Release|Win32.Build.0 = Release|Win32
		{691BDE2F-59A6-43E0-B80B-1846DC2C6000}.Release|x64.ActiveCfg = Release|x64
		{691BDE2F-59A6-43E0-B80B-1846DC2C6000}.Release|x64.Build.0 = Release|x64
		{3B755A1E-3ED1-4B48-8E9E-912A9C17E795}.Debug|Win32.ActiveCfg = Debug|Win32
		{3B755A1E-3ED1-4B48-8E9E-912A9C17E795}.Debug|Win32.Build.0 = Debug|Win32
		{3B755A1E-3ED1-4B48-8E9E-912A9C17E795}.Debug|x64.ActiveCfg = Debug|x64
		{3B755A1E-3ED1-4B48-8E9E-912A9C17E795}.Debug|x64.Build.0 = Debug|x64
		{3B755A1E-3ED1-4B48-8E9E-912A9C17E795}.Release|Win32.ActiveCfg = Release|Win32
		{3B755A1E-3ED1-4B48-8E9E-912A9C17E795}.Release|Win32.Build.0 = Release|Win32
		{3B755A1E-3ED1-4B48-8E9E-912A9C17E795}.Release|x64.ActiveCfg = Release|x64
		{3B755A1E-3ED1-4B48-8E9E-912A9C17E795}.Release|x64.Build.0 = Release|x64
		{DCEC82B2-C394-4A19-8626-2FADAD35D622}.Debug|Win32.ActiveCfg = Debug|Win32
		{DCEC82B2-C394-4A19-8626-2FADAD35D622}.Debug|Win32.Build.0 = Debug|Win32
		{DCEC82B2-C394-4A19-8626-2FADAD35D622}.Debug|x64.ActiveCfg = Debug|x64
		{DCEC82B2-C394-4A19-8626-2FADAD35D622}.Debug|x64.Build.0 = Debug|x64
		{DCEC82B2-C394-4A19-8626-2FADAD35D622}.Release|Win32.ActiveCfg = Release|Win32
		{DCEC82B2-C394-4A19-8626-2FADAD35D622}.Release|Win32.Build.0 = Release|Win32
		{DCEC82B2-C394-4A19-8626-2FADAD35D622}.Release|x64.ActiveCfg = Release|x64
		{DCEC82B2-C394-4A19-8626-2FADAD35D622}.Release|x64.Build.0 = Release|x64
		{72043443-2B96-4B85-8C7C-E0ABF1E522CB}.Debug|Win32.ActiveCfg = Debug|Win32
		{72043443-2B96-4B85-8C7C-E0ABF1E522CB}.Debug|Win32.Build.0 = Debug|Win32
		{72043443-2B96-4B85-8C7C-E0ABF1E522CB}.Debug|x64.ActiveCfg = Debug|x64
		{72043443-2B96-4B85-8C7C-E0ABF1E522CB}.Debug|x64.Build.0 = Debug|x64
		{72043443-2B96-4B85-8C7C-E0ABF1E522CB}.Release|Win32.ActiveCfg = Release|Win32
		{72043443-2B96-4B85-8C7C-E0ABF1E522CB}.Release|Win32.Build.0 = Release|Win32
		{72043443-2B96-4B85-8C7C-E0ABF1E522CB}.Release|x64.ActiveCfg = Release|x64
		{72043443-2B96-4B85-8C7C-E0ABF1E522CB}.Release|x64.Build.0 = Release|x64
	EndGlobalSection
	GlobalSection(SolutionProperties) = preSolution
		HideSolutionNode = FALSE
	EndGlobalSection
	GlobalSection(ExtensibilityGlobals) = postSolution
		SolutionGuid = {38E49DB1-2AB7-4F8D-9732-2BAC153704FC}
	EndGlobalSection
EndGlobal
